github.com/martignoni/hugo-notice v0.0.0-20240707105359-40327ac00cc4 h1:lxS0B1ta9/uW+orrnvsGHMCC0TgN4DymEgdlb0PL/uU=
github.com/martignoni/hugo-notice v0.0.0-20240707105359-40327ac00cc4/go.mod h1:MIQPOMgEcbyRC0gNLzQFSgrS+wIy3RuQ/HbaZYtTOKU=
github.com/tomowang/hugo-theme-tailwind v0.0.0-20241217154136-b877d92a84eb h1:ZGwAjaLiaNAc566nEevvig0yRZFJEyZxQvCkf5q4Py8=
github.com/tomowang/hugo-theme-tailwind v0.0.0-20241217154136-b877d92a84eb/go.mod h1:2vPcS0miwS1bq9+bnXTlAnw6yuT0KcM86A5SLyq2O1I=
github.com/tomowang/hugo-theme-tailwind v0.0.0-20250113134511-b2b0b4c61fcd h1:IP1Myi1jdfmFeHia7qgIOG5l9RFuw4ffa3uuh4q1HEY=
github.com/tomowang/hugo-theme-tailwind v0.0.0-20250113134511-b2b0b4c61fcd/go.mod h1:2vPcS0miwS1bq9+bnXTlAnw6yuT0KcM86A5SLyq2O1I=
